{
  "requires": true,
  "lockfileVersion": 1,
  "dependencies": {
    "mp-cordova-plugin-splashscreen": {
      "version": "3.0.0-dev",
      "resolved": "https://registry.npmjs.org/mp-cordova-plugin-splashscreen/-/mp-cordova-plugin-splashscreen-3.0.0-dev.tgz",
      "integrity": "sha1-/vkP9TLp58ZuCeQ8O2cn7SYHt8I="
    }
  }
}
